// !$*UTF8*$!
{
	archiveVersion = 1;
	classes = {
	};
	objectVersion = 50;
	objects = {

/* Begin PBXBuildFile section */
		7060F419268B999E0046B4A3 /* cfuncs.c in Sources */ = {isa = PBXBuildFile; fileRef = 7060F416268B999E0046B4A3 /* cfuncs.c */; };
		7060F41A268B999E0046B4A3 /* latebloom.cpp in Sources */ = {isa = PBXBuildFile; fileRef = 7060F417268B999E0046B4A3 /* latebloom.cpp */; };
		7060F41B268B999E0046B4A3 /* latebloom.hpp in Headers */ = {isa = PBXBuildFile; fileRef = 7060F418268B999E0046B4A3 /* latebloom.hpp */; };
		7060F421268BA8180046B4A3 /* klookup.h in Headers */ = {isa = PBXBuildFile; fileRef = 7060F41F268BA8170046B4A3 /* klookup.h */; };
		7060F422268BA8180046B4A3 /* klookup.c in Sources */ = {isa = PBXBuildFile; fileRef = 7060F420268BA8170046B4A3 /* klookup.c */; };
/* End PBXBuildFile section */

/* Begin PBXFileReference section */
		7060F40B268B986F0046B4A3 /* latebloom.kext */ = {isa = PBXFileReference; explicitFileType = wrapper.cfbundle; includeInIndex = 0; path = latebloom.kext; sourceTree = BUILT_PRODUCTS_DIR; };
		7060F410268B986F0046B4A3 /* Info.plist */ = {isa = PBXFileReference; lastKnownFileType = text.plist.xml; path = Info.plist; sourceTree = "<group>"; };
		7060F416268B999E0046B4A3 /* cfuncs.c */ = {isa = PBXFileReference; fileEncoding = 4; lastKnownFileType = sourcecode.c.c; path = cfuncs.c; sourceTree = "<group>"; };
		7060F417268B999E0046B4A3 /* latebloom.cpp */ = {isa = PBXFileReference; fileEncoding = 4; lastKnownFileType = sourcecode.cpp.cpp; path = latebloom.cpp; sourceTree = "<group>"; };
		7060F418268B999E0046B4A3 /* latebloom.hpp */ = {isa = PBXFileReference; fileEncoding = 4; lastKnownFileType = sourcecode.cpp.h; path = latebloom.hpp; sourceTree = "<group>"; };
		7060F41D268BA52C0046B4A3 /* IOKit.framework */ = {isa = PBXFileReference; lastKnownFileType = wrapper.framework; name = IOKit.framework; path = System/Library/Frameworks/IOKit.framework; sourceTree = SDKROOT; };
		7060F41F268BA8170046B4A3 /* klookup.h */ = {isa = PBXFileReference; fileEncoding = 4; lastKnownFileType = sourcecode.c.h; path = klookup.h; sourceTree = "<group>"; };
		7060F420268BA8170046B4A3 /* klookup.c */ = {isa = PBXFileReference; fileEncoding = 4; lastKnownFileType = sourcecode.c.c; path = klookup.c; sourceTree = "<group>"; };
		70BC2E57268BB301004FE767 /* IOKit.framework */ = {isa = PBXFileReference; lastKnownFileType = wrapper.framework; name = IOKit.framework; path = Platforms/MacOSX.platform/Developer/SDKs/MacOSX.sdk/System/Library/Frameworks/IOKit.framework; sourceTree = DEVELOPER_DIR; };
		70BC2E5C268BD598004FE767 /* Kernel.framework */ = {isa = PBXFileReference; lastKnownFileType = wrapper.framework; name = Kernel.framework; path = System/Library/Frameworks/Kernel.framework; sourceTree = SDKROOT; };
/* End PBXFileReference section */

/* Begin PBXFrameworksBuildPhase section */
		7060F408268B986F0046B4A3 /* Frameworks */ = {
			isa = PBXFrameworksBuildPhase;
			buildActionMask = 2147483647;
			files = (
			);
			runOnlyForDeploymentPostprocessing = 0;
		};
/* End PBXFrameworksBuildPhase section */

/* Begin PBXGroup section */
		7060F401268B986F0046B4A3 = {
			isa = PBXGroup;
			children = (
				7060F40D268B986F0046B4A3 /* latebloom */,
				7060F40C268B986F0046B4A3 /* Products */,
				7060F41C268BA52C0046B4A3 /* Frameworks */,
			);
			sourceTree = "<group>";
		};
		7060F40C268B986F0046B4A3 /* Products */ = {
			isa = PBXGroup;
			children = (
				7060F40B268B986F0046B4A3 /* latebloom.kext */,
			);
			name = Products;
			sourceTree = "<group>";
		};
		7060F40D268B986F0046B4A3 /* latebloom */ = {
			isa = PBXGroup;
			children = (
				7060F410268B986F0046B4A3 /* Info.plist */,
				7060F416268B999E0046B4A3 /* cfuncs.c */,
				7060F420268BA8170046B4A3 /* klookup.c */,
				7060F41F268BA8170046B4A3 /* klookup.h */,
				7060F417268B999E0046B4A3 /* latebloom.cpp */,
				7060F418268B999E0046B4A3 /* latebloom.hpp */,
			);
			path = latebloom;
			sourceTree = "<group>";
		};
		7060F41C268BA52C0046B4A3 /* Frameworks */ = {
			isa = PBXGroup;
			children = (
				70BC2E5C268BD598004FE767 /* Kernel.framework */,
				70BC2E57268BB301004FE767 /* IOKit.framework */,
				7060F41D268BA52C0046B4A3 /* IOKit.framework */,
			);
			name = Frameworks;
			sourceTree = "<group>";
		};
/* End PBXGroup section */

/* Begin PBXHeadersBuildPhase section */
		7060F406268B986F0046B4A3 /* Headers */ = {
			isa = PBXHeadersBuildPhase;
			buildActionMask = 2147483647;
			files = (
				7060F41B268B999E0046B4A3 /* latebloom.hpp in Headers */,
				7060F421268BA8180046B4A3 /* klookup.h in Headers */,
			);
			runOnlyForDeploymentPostprocessing = 0;
		};
/* End PBXHeadersBuildPhase section */

/* Begin PBXNativeTarget section */
		7060F40A268B986F0046B4A3 /* latebloom */ = {
			isa = PBXNativeTarget;
			buildConfigurationList = 7060F413268B986F0046B4A3 /* Build configuration list for PBXNativeTarget "latebloom" */;
			buildPhases = (
				7060F406268B986F0046B4A3 /* Headers */,
				7060F407268B986F0046B4A3 /* Sources */,
				7060F408268B986F0046B4A3 /* Frameworks */,
				7060F409268B986F0046B4A3 /* Resources */,
			);
			buildRules = (
			);
			dependencies = (
			);
			name = latebloom;
			productName = latebloom;
			productReference = 7060F40B268B986F0046B4A3 /* latebloom.kext */;
			productType = "com.apple.product-type.kernel-extension";
		};
/* End PBXNativeTarget section */

/* Begin PBXProject section */
		7060F402268B986F0046B4A3 /* Project object */ = {
			isa = PBXProject;
			attributes = {
				LastUpgradeCheck = 1030;
				ORGANIZATIONNAME = AnonyMouSSE;
				TargetAttributes = {
					7060F40A268B986F0046B4A3 = {
						CreatedOnToolsVersion = 10.3;
					};
				};
			};
			buildConfigurationList = 7060F405268B986F0046B4A3 /* Build configuration list for PBXProject "latebloom" */;
			compatibilityVersion = "Xcode 9.3";
			developmentRegion = en;
			hasScannedForEncodings = 0;
			knownRegions = (
				en,
			);
			mainGroup = 7060F401268B986F0046B4A3;
			productRefGroup = 7060F40C268B986F0046B4A3 /* Products */;
			projectDirPath = "";
			projectRoot = "";
			targets = (
				7060F40A268B986F0046B4A3 /* latebloom */,
			);
		};
/* End PBXProject section */

/* Begin PBXResourcesBuildPhase section */
		7060F409268B986F0046B4A3 /* Resources */ = {
			isa = PBXResourcesBuildPhase;
			buildActionMask = 2147483647;
			files = (
			);
			runOnlyForDeploymentPostprocessing = 0;
		};
/* End PBXResourcesBuildPhase section */

/* Begin PBXSourcesBuildPhase section */
		7060F407268B986F0046B4A3 /* Sources */ = {
			isa = PBXSourcesBuildPhase;
			buildActionMask = 2147483647;
			files = (
				7060F422268BA8180046B4A3 /* klookup.c in Sources */,
				7060F419268B999E0046B4A3 /* cfuncs.c in Sources */,
				7060F41A268B999E0046B4A3 /* latebloom.cpp in Sources */,
			);
			runOnlyForDeploymentPostprocessing = 0;
		};
/* End PBXSourcesBuildPhase section */

/* Begin XCBuildConfiguration section */
		7060F411268B986F0046B4A3 /* Debug */ = {
			isa = XCBuildConfiguration;
			buildSettings = {
				ALWAYS_SEARCH_USER_PATHS = NO;
				CLANG_ALLOW_NON_MODULAR_INCLUDES_IN_FRAMEWORK_MODULES = NO;
				CLANG_ANALYZER_NONNULL = YES;
				CLANG_ANALYZER_NUMBER_OBJECT_CONVERSION = YES_AGGRESSIVE;
				CLANG_CXX_LANGUAGE_STANDARD = "gnu++14";
				CLANG_CXX_LIBRARY = "libc++";
				CLANG_ENABLE_MODULES = YES;
				CLANG_ENABLE_OBJC_ARC = YES;
				CLANG_ENABLE_OBJC_WEAK = YES;
				CLANG_WARN_BLOCK_CAPTURE_AUTORELEASING = YES;
				CLANG_WARN_BOOL_CONVERSION = YES;
				CLANG_WARN_COMMA = YES;
				CLANG_WARN_CONSTANT_CONVERSION = YES;
				CLANG_WARN_DEPRECATED_OBJC_IMPLEMENTATIONS = YES;
				CLANG_WARN_DIRECT_OBJC_ISA_USAGE = YES_ERROR;
				CLANG_WARN_DOCUMENTATION_COMMENTS = YES;
				CLANG_WARN_EMPTY_BODY = YES;
				CLANG_WARN_ENUM_CONVERSION = YES;
				CLANG_WARN_INFINITE_RECURSION = YES;
				CLANG_WARN_INT_CONVERSION = YES;
				CLANG_WARN_NON_LITERAL_NULL_CONVERSION = YES;
				CLANG_WARN_OBJC_IMPLICIT_RETAIN_SELF = YES;
				CLANG_WARN_OBJC_LITERAL_CONVERSION = YES;
				CLANG_WARN_OBJC_ROOT_CLASS = YES_ERROR;
				CLANG_WARN_RANGE_LOOP_ANALYSIS = YES;
				CLANG_WARN_STRICT_PROTOTYPES = YES;
				CLANG_WARN_SUSPICIOUS_MOVE = YES;
				CLANG_WARN_UNGUARDED_AVAILABILITY = YES_AGGRESSIVE;
				CLANG_WARN_UNREACHABLE_CODE = YES;
				CLANG_WARN__DUPLICATE_METHOD_MATCH = YES;
				CODE_SIGN_IDENTITY = "-";
				COPY_PHASE_STRIP = NO;
				DEBUG_INFORMATION_FORMAT = dwarf;
				ENABLE_STRICT_OBJC_MSGSEND = YES;
				ENABLE_TESTABILITY = YES;
				EXCLUDED_RECURSIVE_SEARCH_PATH_SUBDIRECTORIES = "*.nib *.lproj *.gch *.xcode* *.xcassets (*) .DS_Store CVS .svn .git .hg *.pbproj *.pbxproj *.framework";
				GCC_C_LANGUAGE_STANDARD = gnu11;
				GCC_DYNAMIC_NO_PIC = NO;
				GCC_NO_COMMON_BLOCKS = YES;
				GCC_OPTIMIZATION_LEVEL = 0;
				GCC_PREPROCESSOR_DEFINITIONS = (
					"DEBUG=1",
					"$(inherited)",
				);
				GCC_WARN_64_TO_32_BIT_CONVERSION = YES;
				GCC_WARN_ABOUT_RETURN_TYPE = YES_ERROR;
				GCC_WARN_UNDECLARED_SELECTOR = YES;
				GCC_WARN_UNINITIALIZED_AUTOS = YES_AGGRESSIVE;
				GCC_WARN_UNUSED_FUNCTION = YES;
				GCC_WARN_UNUSED_VARIABLE = YES;
				HEADER_SEARCH_PATHS = "";
				MACOSX_DEPLOYMENT_TARGET = 10.14;
				MTL_ENABLE_DEBUG_INFO = INCLUDE_SOURCE;
				MTL_FAST_MATH = YES;
				ONLY_ACTIVE_ARCH = YES;
				OTHER_LDFLAGS = (
					"-framework",
					IOKit,
				);
				SCAN_ALL_SOURCE_FILES_FOR_INCLUDES = YES;
				SDKROOT = macosx;
				SYSTEM_FRAMEWORK_SEARCH_PATHS = "";
			};
			name = Debug;
		};
		7060F412268B986F0046B4A3 /* Release */ = {
			isa = XCBuildConfiguration;
			buildSettings = {
				ALWAYS_SEARCH_USER_PATHS = NO;
				CLANG_ALLOW_NON_MODULAR_INCLUDES_IN_FRAMEWORK_MODULES = NO;
				CLANG_ANALYZER_NONNULL = YES;
				CLANG_ANALYZER_NUMBER_OBJECT_CONVERSION = YES_AGGRESSIVE;
				CLANG_CXX_LANGUAGE_STANDARD = "gnu++14";
				CLANG_CXX_LIBRARY = "libc++";
				CLANG_ENABLE_MODULES = YES;
				CLANG_ENABLE_OBJC_ARC = YES;
				CLANG_ENABLE_OBJC_WEAK = YES;
				CLANG_WARN_BLOCK_CAPTURE_AUTORELEASING = YES;
				CLANG_WARN_BOOL_CONVERSION = YES;
				CLANG_WARN_COMMA = YES;
				CLANG_WARN_CONSTANT_CONVERSION = YES;
				CLANG_WARN_DEPRECATED_OBJC_IMPLEMENTATIONS = YES;
				CLANG_WARN_DIRECT_OBJC_ISA_USAGE = YES_ERROR;
				CLANG_WARN_DOCUMENTATION_COMMENTS = YES;
				CLANG_WARN_EMPTY_BODY = YES;
				CLANG_WARN_ENUM_CONVERSION = YES;
				CLANG_WARN_INFINITE_RECURSION = YES;
				CLANG_WARN_INT_CONVERSION = YES;
				CLANG_WARN_NON_LITERAL_NULL_CONVERSION = YES;
				CLANG_WARN_OBJC_IMPLICIT_RETAIN_SELF = YES;
				CLANG_WARN_OBJC_LITERAL_CONVERSION = YES;
				CLANG_WARN_OBJC_ROOT_CLASS = YES_ERROR;
				CLANG_WARN_RANGE_LOOP_ANALYSIS = YES;
				CLANG_WARN_STRICT_PROTOTYPES = YES;
				CLANG_WARN_SUSPICIOUS_MOVE = YES;
				CLANG_WARN_UNGUARDED_AVAILABILITY = YES_AGGRESSIVE;
				CLANG_WARN_UNREACHABLE_CODE = YES;
				CLANG_WARN__DUPLICATE_METHOD_MATCH = YES;
				CODE_SIGN_IDENTITY = "-";
				COPY_PHASE_STRIP = NO;
				DEBUG_INFORMATION_FORMAT = "dwarf-with-dsym";
				ENABLE_NS_ASSERTIONS = NO;
				ENABLE_STRICT_OBJC_MSGSEND = YES;
				EXCLUDED_RECURSIVE_SEARCH_PATH_SUBDIRECTORIES = "*.nib *.lproj *.gch *.xcode* *.xcassets (*) .DS_Store CVS .svn .git .hg *.pbproj *.pbxproj *.framework";
				GCC_C_LANGUAGE_STANDARD = gnu11;
				GCC_NO_COMMON_BLOCKS = YES;
				GCC_WARN_64_TO_32_BIT_CONVERSION = YES;
				GCC_WARN_ABOUT_RETURN_TYPE = YES_ERROR;
				GCC_WARN_UNDECLARED_SELECTOR = YES;
				GCC_WARN_UNINITIALIZED_AUTOS = YES_AGGRESSIVE;
				GCC_WARN_UNUSED_FUNCTION = YES;
				GCC_WARN_UNUSED_VARIABLE = YES;
				HEADER_SEARCH_PATHS = "";
				MACOSX_DEPLOYMENT_TARGET = 10.14;
				MTL_ENABLE_DEBUG_INFO = NO;
				MTL_FAST_MATH = YES;
				OTHER_LDFLAGS = (
					"-framework",
					IOKit,
				);
				SCAN_ALL_SOURCE_FILES_FOR_INCLUDES = YES;
				SDKROOT = macosx;
				SYSTEM_FRAMEWORK_SEARCH_PATHS = "";
			};
			name = Release;
		};
		7060F414268B986F0046B4A3 /* Debug */ = {
			isa = XCBuildConfiguration;
			buildSettings = {
				CODE_SIGN_STYLE = Automatic;
				HEADER_SEARCH_PATHS = "";
				INFOPLIST_FILE = latebloom/Info.plist;
				MACOSX_DEPLOYMENT_TARGET = 10.14;
				MODULE_NAME = Syncretic.latebloom;
				MODULE_START = latebloom_start;
				MODULE_VERSION = 0.0.22d1;
				PRODUCT_BUNDLE_IDENTIFIER = Syncretic.latebloom;
				PRODUCT_NAME = "$(TARGET_NAME)";
				SYSTEM_FRAMEWORK_SEARCH_PATHS = "";
				SYSTEM_HEADER_SEARCH_PATHS = "";
				USE_HEADERMAP = YES;
				WRAPPER_EXTENSION = kext;
			};
			name = Debug;
		};
		7060F415268B986F0046B4A3 /* Release */ = {
			isa = XCBuildConfiguration;
			buildSettings = {
				CODE_SIGN_STYLE = Automatic;
				HEADER_SEARCH_PATHS = "";
				INFOPLIST_FILE = latebloom/Info.plist;
				MACOSX_DEPLOYMENT_TARGET = 10.14;
				MODULE_NAME = Syncretic.latebloom;
				MODULE_START = latebloom_start;
				MODULE_VERSION = 0.0.22d1;
				PRODUCT_BUNDLE_IDENTIFIER = Syncretic.latebloom;
				PRODUCT_NAME = "$(TARGET_NAME)";
				SYSTEM_FRAMEWORK_SEARCH_PATHS = "";
				SYSTEM_HEADER_SEARCH_PATHS = "";
				USE_HEADERMAP = YES;
				WRAPPER_EXTENSION = kext;
			};
			name = Release;
		};
/* End XCBuildConfiguration section */

/* Begin XCConfigurationList section */
		7060F405268B986F0046B4A3 /* Build configuration list for PBXProject "latebloom" */ = {
			isa = XCConfigurationList;
			buildConfigurations = (
				7060F411268B986F0046B4A3 /* Debug */,
				7060F412268B986F0046B4A3 /* Release */,
			);
			defaultConfigurationIsVisible = 0;
			defaultConfigurationName = Release;
		};
		7060F413268B986F0046B4A3 /* Build configuration list for PBXNativeTarget "latebloom" */ = {
			isa = XCConfigurationList;
			buildConfigurations = (
				7060F414268B986F0046B4A3 /* Debug */,
				7060F415268B986F0046B4A3 /* Release */,
			);
			defaultConfigurationIsVisible = 0;
			defaultConfigurationName = Release;
		};
/* End XCConfigurationList section */
	};
	rootObject = 7060F402268B986F0046B4A3 /* Project object */;
}
